
Microsoft Visual Studio Solution File, Format Version 12.00
# Visual Studio Version 17
VisualStudioVersion = 17.5.002.0
MinimumVisualStudioVersion = 10.0.40219.1
Project("{9A19103F-16F7-4668-BE54-9A1E7A4F7556}") = "iTimeSlot-avalonia", "iTimeSlot-avalonia.csproj", "{4A0116A6-10DA-4C2A-A205-0A26F28AF843}"
EndProject
Global
	GlobalSection(SolutionConfigurationPlatforms) = preSolution
		Debug|Any CPU = Debug|Any CPU
		Release|Any CPU = Release|Any CPU
	EndGlobalSection
	GlobalSection(ProjectConfigurationPlatforms) = postSolution
		{4A0116A6-10DA-4C2A-A205-0A26F28AF843}.Debug|Any CPU.ActiveCfg = Debug|Any CPU
		{4A0116A6-10DA-4C2A-A205-0A26F28AF843}.Debug|Any CPU.Build.0 = Debug|Any CPU
		{4A0116A6-10DA-4C2A-A205-0A26F28AF843}.Release|Any CPU.ActiveCfg = Release|Any CPU
		{4A0116A6-10DA-4C2A-A205-0A26F28AF843}.Release|Any CPU.Build.0 = Release|Any CPU
	EndGlobalSection
	GlobalSection(SolutionProperties) = preSolution
		HideSolutionNode = FALSE
	EndGlobalSection
	GlobalSection(ExtensibilityGlobals) = postSolution
		SolutionGuid = {1302764D-42B4-461B-B34D-D9040603026F}
	EndGlobalSection
EndGlobal
