
Microsoft Visual Studio Solution File, Format Version 12.00
# Visual Studio Version 17
VisualStudioVersion = 17.5.002.0
MinimumVisualStudioVersion = 10.0.40219.1
Project("{9A19103F-16F7-4668-BE54-9A1E7A4F7556}") = "NoCloud", "NoCloud.csproj", "{81B4A6E8-9F4D-4843-B0E7-B22E8D96E66E}"
EndProject
Global
	GlobalSection(SolutionConfigurationPlatforms) = preSolution
		Debug|Any CPU = Debug|Any CPU
		Release|Any CPU = Release|Any CPU
	EndGlobalSection
	GlobalSection(ProjectConfigurationPlatforms) = postSolution
		{81B4A6E8-9F4D-4843-B0E7-B22E8D96E66E}.Debug|Any CPU.ActiveCfg = Debug|Any CPU
		{81B4A6E8-9F4D-4843-B0E7-B22E8D96E66E}.Debug|Any CPU.Build.0 = Debug|Any CPU
		{81B4A6E8-9F4D-4843-B0E7-B22E8D96E66E}.Release|Any CPU.ActiveCfg = Release|Any CPU
		{81B4A6E8-9F4D-4843-B0E7-B22E8D96E66E}.Release|Any CPU.Build.0 = Release|Any CPU
	EndGlobalSection
	GlobalSection(SolutionProperties) = preSolution
		HideSolutionNode = FALSE
	EndGlobalSection
	GlobalSection(ExtensibilityGlobals) = postSolution
		SolutionGuid = {F14D255E-322F-47C2-AD34-47929F80A981}
	EndGlobalSection
EndGlobal
